
Microsoft Visual Studio Solution File, Format Version 12.00
# Visual Studio 15
VisualStudioVersion = 15.0.28307.136
MinimumVisualStudioVersion = 10.0.40219.1
Project("{FAE04EC0-301F-11D3-BF4B-00C04F79EFBC}") = "ISFF", "ISFF\ISFF.csproj", "{978F2604-4D5E-4946-9A3D-2F8790D1E29E}"
EndProject
Global
	GlobalSection(SolutionConfigurationPlatforms) = preSolution
		Debug|Any CPU = Debug|Any CPU
		Release|Any CPU = Release|Any CPU
	EndGlobalSection
	GlobalSection(ProjectConfigurationPlatforms) = postSolution
		{978F2604-4D5E-4946-9A3D-2F8790D1E29E}.Debug|Any CPU.ActiveCfg = Debug|Any CPU
		{978F2604-4D5E-4946-9A3D-2F8790D1E29E}.Debug|Any CPU.Build.0 = Debug|Any CPU
		{978F2604-4D5E-4946-9A3D-2F8790D1E29E}.Release|Any CPU.ActiveCfg = Release|Any CPU
		{978F2604-4D5E-4946-9A3D-2F8790D1E29E}.Release|Any CPU.Build.0 = Release|Any CPU
	EndGlobalSection
	GlobalSection(SolutionProperties) = preSolution
		HideSolutionNode = FALSE
	EndGlobalSection
	GlobalSection(ExtensibilityGlobals) = postSolution
		SolutionGuid = {1E06F5E7-939B-4CAE-A3D1-E0895B20E9D7}
	EndGlobalSection
EndGlobal
